// !$*UTF8*$!
{
	archiveVersion = 1;
	classes = {
	};
	objectVersion = 46;
	objects = {

/* Begin PBXBuildFile section */
		F2F0A5021D5273C30033EAE2 /* AppDelegate.swift in Sources */ = {isa = PBXBuildFile; fileRef = F2F0A5011D5273C30033EAE2 /* AppDelegate.swift */; };
		F2F0A5041D5273C30033EAE2 /* ViewController.swift in Sources */ = {isa = PBXBuildFile; fileRef = F2F0A5031D5273C30033EAE2 /* ViewController.swift */; };
		F2F0A5071D5273C30033EAE2 /* Main.storyboard in Resources */ = {isa = PBXBuildFile; fileRef = F2F0A5051D5273C30033EAE2 /* Main.storyboard */; };
		F2F0A5091D5273C30033EAE2 /* Assets.xcassets in Resources */ = {isa = PBXBuildFile; fileRef = F2F0A5081D5273C30033EAE2 /* Assets.xcassets */; };
		F2F0A50C1D5273C30033EAE2 /* LaunchScreen.storyboard in Resources */ = {isa = PBXBuildFile; fileRef = F2F0A50A1D5273C30033EAE2 /* LaunchScreen.storyboard */; };
/* End PBXBuildFile section */

/* Begin PBXFileReference section */
		F2F0A4FE1D5273C30033EAE2 /* InteractiveStory.app */ = {isa = PBXFileReference; explicitFileType = wrapper.application; includeInIndex = 0; path = InteractiveStory.app; sourceTree = BUILT_PRODUCTS_DIR; };
		F2F0A5011D5273C30033EAE2 /* AppDelegate.swift */ = {isa = PBXFileReference; lastKnownFileType = sourcecode.swift; path = AppDelegate.swift; sourceTree = "<group>"; };
		F2F0A5031D5273C30033EAE2 /* ViewController.swift */ = {isa = PBXFileReference; lastKnownFileType = sourcecode.swift; path = ViewController.swift; sourceTree = "<group>"; };
		F2F0A5061D5273C30033EAE2 /* Base */ = {isa = PBXFileReference; lastKnownFileType = file.storyboard; name = Base; path = Base.lproj/Main.storyboard; sourceTree = "<group>"; };
		F2F0A5081D5273C30033EAE2 /* Assets.xcassets */ = {isa = PBXFileReference; lastKnownFileType = folder.assetcatalog; path = Assets.xcassets; sourceTree = "<group>"; };
		F2F0A50B1D5273C30033EAE2 /* Base */ = {isa = PBXFileReference; lastKnownFileType = file.storyboard; name = Base; path = Base.lproj/LaunchScreen.storyboard; sourceTree = "<group>"; };
		F2F0A50D1D5273C30033EAE2 /* Info.plist */ = {isa = PBXFileReference; lastKnownFileType = text.plist.xml; path = Info.plist; sourceTree = "<group>"; };
/* End PBXFileReference section */

/* Begin PBXFrameworksBuildPhase section */
		F2F0A4FB1D5273C30033EAE2 /* Frameworks */ = {
			isa = PBXFrameworksBuildPhase;
			buildActionMask = 2147483647;
			files = (
			);
			runOnlyForDeploymentPostprocessing = 0;
		};
/* End PBXFrameworksBuildPhase section */

/* Begin PBXGroup section */
		F2F0A4F51D5273C30033EAE2 = {
			isa = PBXGroup;
			children = (
				F2F0A5001D5273C30033EAE2 /* InteractiveStory */,
				F2F0A4FF1D5273C30033EAE2 /* Products */,
			);
			sourceTree = "<group>";
		};
		F2F0A4FF1D5273C30033EAE2 /* Products */ = {
			isa = PBXGroup;
			children = (
				F2F0A4FE1D5273C30033EAE2 /* InteractiveStory.app */,
			);
			name = Products;
			sourceTree = "<group>";
		};
		F2F0A5001D5273C30033EAE2 /* InteractiveStory */ = {
			isa = PBXGroup;
			children = (
				F2F0A5011D5273C30033EAE2 /* AppDelegate.swift */,
				F2F0A5031D5273C30033EAE2 /* ViewController.swift */,
				F2F0A5051D5273C30033EAE2 /* Main.storyboard */,
				F2F0A5081D5273C30033EAE2 /* Assets.xcassets */,
				F2F0A50A1D5273C30033EAE2 /* LaunchScreen.storyboard */,
				F2F0A50D1D5273C30033EAE2 /* Info.plist */,
			);
			path = InteractiveStory;
			sourceTree = "<group>";
		};
/* End PBXGroup section */

/* Begin PBXNativeTarget section */
		F2F0A4FD1D5273C30033EAE2 /* InteractiveStory */ = {
			isa = PBXNativeTarget;
			buildConfigurationList = F2F0A5101D5273C30033EAE2 /* Build configuration list for PBXNativeTarget "InteractiveStory" */;
			buildPhases = (
				F2F0A4FA1D5273C30033EAE2 /* Sources */,
				F2F0A4FB1D5273C30033EAE2 /* Frameworks */,
				F2F0A4FC1D5273C30033EAE2 /* Resources */,
			);
			buildRules = (
			);
			dependencies = (
			);
			name = InteractiveStory;
			productName = InteractiveStory;
			productReference = F2F0A4FE1D5273C30033EAE2 /* InteractiveStory.app */;
			productType = "com.apple.product-type.application";
		};
/* End PBXNativeTarget section */

/* Begin PBXProject section */
		F2F0A4F61D5273C30033EAE2 /* Project object */ = {
			isa = PBXProject;
			attributes = {
				LastSwiftUpdateCheck = 0730;
				LastUpgradeCheck = 0730;
				ORGANIZATIONNAME = "Atanas Chompolov";
				TargetAttributes = {
					F2F0A4FD1D5273C30033EAE2 = {
						CreatedOnToolsVersion = 7.3.1;
					};
				};
			};
			buildConfigurationList = F2F0A4F91D5273C30033EAE2 /* Build configuration list for PBXProject "InteractiveStory" */;
			compatibilityVersion = "Xcode 3.2";
			developmentRegion = English;
			hasScannedForEncodings = 0;
			knownRegions = (
				en,
				Base,
			);
			mainGroup = F2F0A4F51D5273C30033EAE2;
			productRefGroup = F2F0A4FF1D5273C30033EAE2 /* Products */;
			projectDirPath = "";
			projectRoot = "";
			targets = (
				F2F0A4FD1D5273C30033EAE2 /* InteractiveStory */,
			);
		};
/* End PBXProject section */

/* Begin PBXResourcesBuildPhase section */
		F2F0A4FC1D5273C30033EAE2 /* Resources */ = {
			isa = PBXResourcesBuildPhase;
			buildActionMask = 2147483647;
			files = (
				F2F0A50C1D5273C30033EAE2 /* LaunchScreen.storyboard in Resources */,
				F2F0A5091D5273C30033EAE2 /* Assets.xcassets in Resources */,
				F2F0A5071D5273C30033EAE2 /* Main.storyboard in Resources */,
			);
			runOnlyForDeploymentPostprocessing = 0;
		};
/* End PBXResourcesBuildPhase section */

/* Begin PBXSourcesBuildPhase section */
		F2F0A4FA1D5273C30033EAE2 /* Sources */ = {
			isa = PBXSourcesBuildPhase;
			buildActionMask = 2147483647;
			files = (
				F2F0A5041D5273C30033EAE2 /* ViewController.swift in Sources */,
				F2F0A5021D5273C30033EAE2 /* AppDelegate.swift in Sources */,
			);
			runOnlyForDeploymentPostprocessing = 0;
		};
/* End PBXSourcesBuildPhase section */

/* Begin PBXVariantGroup section */
		F2F0A5051D5273C30033EAE2 /* Main.storyboard */ = {
			isa = PBXVariantGroup;
			children = (
				F2F0A5061D5273C30033EAE2 /* Base */,
			);
			name = Main.storyboard;
			sourceTree = "<group>";
		};
		F2F0A50A1D5273C30033EAE2 /* LaunchScreen.storyboard */ = {
			isa = PBXVariantGroup;
			children = (
				F2F0A50B1D5273C30033EAE2 /* Base */,
			);
			name = LaunchScreen.storyboard;
			sourceTree = "<group>";
		};
/* End PBXVariantGroup section */

/* Begin XCBuildConfiguration section */
		F2F0A50E1D5273C30033EAE2 /* Debug */ = {
			isa = XCBuildConfiguration;
			buildSettings = {
				ALWAYS_SEARCH_USER_PATHS = NO;
				CLANG_ANALYZER_NONNULL = YES;
				CLANG_CXX_LANGUAGE_STANDARD = "gnu++0x";
				CLANG_CXX_LIBRARY = "libc++";
				CLANG_ENABLE_MODULES = YES;
				CLANG_ENABLE_OBJC_ARC = YES;
				CLANG_WARN_BOOL_CONVERSION = YES;
				CLANG_WARN_CONSTANT_CONVERSION = YES;
				CLANG_WARN_DIRECT_OBJC_ISA_USAGE = YES_ERROR;
				CLANG_WARN_EMPTY_BODY = YES;
				CLANG_WARN_ENUM_CONVERSION = YES;
				CLANG_WARN_INT_CONVERSION = YES;
				CLANG_WARN_OBJC_ROOT_CLASS = YES_ERROR;
				CLANG_WARN_UNREACHABLE_CODE = YES;
				CLANG_WARN__DUPLICATE_METHOD_MATCH = YES;
				"CODE_SIGN_IDENTITY[sdk=iphoneos*]" = "iPhone Developer";
				COPY_PHASE_STRIP = NO;
				DEBUG_INFORMATION_FORMAT = dwarf;
				ENABLE_STRICT_OBJC_MSGSEND = YES;
				ENABLE_TESTABILITY = YES;
				GCC_C_LANGUAGE_STANDARD = gnu99;
				GCC_DYNAMIC_NO_PIC = NO;
				GCC_NO_COMMON_BLOCKS = YES;
				GCC_OPTIMIZATION_LEVEL = 0;
				GCC_PREPROCESSOR_DEFINITIONS = (
					"DEBUG=1",
					"$(inherited)",
				);
				GCC_WARN_64_TO_32_BIT_CONVERSION = YES;
				GCC_WARN_ABOUT_RETURN_TYPE = YES_ERROR;
				GCC_WARN_UNDECLARED_SELECTOR = YES;
				GCC_WARN_UNINITIALIZED_AUTOS = YES_AGGRESSIVE;
				GCC_WARN_UNUSED_FUNCTION = YES;
				GCC_WARN_UNUSED_VARIABLE = YES;
				IPHONEOS_DEPLOYMENT_TARGET = 9.3;
				MTL_ENABLE_DEBUG_INFO = YES;
				ONLY_ACTIVE_ARCH = YES;
				SDKROOT = iphoneos;
				SWIFT_OPTIMIZATION_LEVEL = "-Onone";
			};
			name = Debug;
		};
		F2F0A50F1D5273C30033EAE2 /* Release */ = {
			isa = XCBuildConfiguration;
			buildSettings = {
				ALWAYS_SEARCH_USER_PATHS = NO;
				CLANG_ANALYZER_NONNULL = YES;
				CLANG_CXX_LANGUAGE_STANDARD = "gnu++0x";
				CLANG_CXX_LIBRARY = "libc++";
				CLANG_ENABLE_MODULES = YES;
				CLANG_ENABLE_OBJC_ARC = YES;
				CLANG_WARN_BOOL_CONVERSION = YES;
				CLANG_WARN_CONSTANT_CONVERSION = YES;
				CLANG_WARN_DIRECT_OBJC_ISA_USAGE = YES_ERROR;
				CLANG_WARN_EMPTY_BODY = YES;
				CLANG_WARN_ENUM_CONVERSION = YES;
				CLANG_WARN_INT_CONVERSION = YES;
				CLANG_WARN_OBJC_ROOT_CLASS = YES_ERROR;
				CLANG_WARN_UNREACHABLE_CODE = YES;
				CLANG_WARN__DUPLICATE_METHOD_MATCH = YES;
				"CODE_SIGN_IDENTITY[sdk=iphoneos*]" = "iPhone Developer";
				COPY_PHASE_STRIP = NO;
				DEBUG_INFORMATION_FORMAT = "dwarf-with-dsym";
				ENABLE_NS_ASSERTIONS = NO;
				ENABLE_STRICT_OBJC_MSGSEND = YES;
				GCC_C_LANGUAGE_STANDARD = gnu99;
				GCC_NO_COMMON_BLOCKS = YES;
				GCC_WARN_64_TO_32_BIT_CONVERSION = YES;
				GCC_WARN_ABOUT_RETURN_TYPE = YES_ERROR;
				GCC_WARN_UNDECLARED_SELECTOR = YES;
				GCC_WARN_UNINITIALIZED_AUTOS = YES_AGGRESSIVE;
				GCC_WARN_UNUSED_FUNCTION = YES;
				GCC_WARN_UNUSED_VARIABLE = YES;
				IPHONEOS_DEPLOYMENT_TARGET = 9.3;
				MTL_ENABLE_DEBUG_INFO = NO;
				SDKROOT = iphoneos;
				VALIDATE_PRODUCT = YES;
			};
			name = Release;
		};
		F2F0A5111D5273C30033EAE2 /* Debug */ = {
			isa = XCBuildConfiguration;
			buildSettings = {
				ASSETCATALOG_COMPILER_APPICON_NAME = AppIcon;
				CODE_SIGN_IDENTITY = "iPhone Developer";
				INFOPLIST_FILE = InteractiveStory/Info.plist;
				LD_RUNPATH_SEARCH_PATHS = "$(inherited) @executable_path/Frameworks";
				PRODUCT_BUNDLE_IDENTIFIER = com.atanaschompolov.InteractiveStory;
				PRODUCT_NAME = "$(TARGET_NAME)";
			};
			name = Debug;
		};
		F2F0A5121D5273C30033EAE2 /* Release */ = {
			isa = XCBuildConfiguration;
			buildSettings = {
				ASSETCATALOG_COMPILER_APPICON_NAME = AppIcon;
				CODE_SIGN_IDENTITY = "iPhone Developer";
				INFOPLIST_FILE = InteractiveStory/Info.plist;
				LD_RUNPATH_SEARCH_PATHS = "$(inherited) @executable_path/Frameworks";
				PRODUCT_BUNDLE_IDENTIFIER = com.atanaschompolov.InteractiveStory;
				PRODUCT_NAME = "$(TARGET_NAME)";
			};
			name = Release;
		};
/* End XCBuildConfiguration section */

/* Begin XCConfigurationList section */
		F2F0A4F91D5273C30033EAE2 /* Build configuration list for PBXProject "InteractiveStory" */ = {
			isa = XCConfigurationList;
			buildConfigurations = (
				F2F0A50E1D5273C30033EAE2 /* Debug */,
				F2F0A50F1D5273C30033EAE2 /* Release */,
			);
			defaultConfigurationIsVisible = 0;
			defaultConfigurationName = Release;
		};
		F2F0A5101D5273C30033EAE2 /* Build configuration list for PBXNativeTarget "InteractiveStory" */ = {
			isa = XCConfigurationList;
			buildConfigurations = (
				F2F0A5111D5273C30033EAE2 /* Debug */,
				F2F0A5121D5273C30033EAE2 /* Release */,
			);
			defaultConfigurationIsVisible = 0;
		};
/* End XCConfigurationList section */
	};
	rootObject = F2F0A4F61D5273C30033EAE2 /* Project object */;
}
